
Microsoft Visual Studio Solution File, Format Version 12.00
# Visual Studio Version 16
VisualStudioVersion = 16.0.30011.22
MinimumVisualStudioVersion = 10.0.40219.1
Project("{9A19103F-16F7-4668-BE54-9A1E7A4F7556}") = "Necrotis", "Necrotis\Necrotis.csproj", "{AA32669F-C0DA-4FCD-930E-C535CC564226}"
EndProject
Global
	GlobalSection(SolutionConfigurationPlatforms) = preSolution
		Debug|Any CPU = Debug|Any CPU
		Release|Any CPU = Release|Any CPU
	EndGlobalSection
	GlobalSection(ProjectConfigurationPlatforms) = postSolution
		{AA32669F-C0DA-4FCD-930E-C535CC564226}.Debug|Any CPU.ActiveCfg = Debug|Any CPU
		{AA32669F-C0DA-4FCD-930E-C535CC564226}.Debug|Any CPU.Build.0 = Debug|Any CPU
		{AA32669F-C0DA-4FCD-930E-C535CC564226}.Release|Any CPU.ActiveCfg = Release|Any CPU
		{AA32669F-C0DA-4FCD-930E-C535CC564226}.Release|Any CPU.Build.0 = Release|Any CPU
	EndGlobalSection
	GlobalSection(SolutionProperties) = preSolution
		HideSolutionNode = FALSE
	EndGlobalSection
	GlobalSection(ExtensibilityGlobals) = postSolution
		SolutionGuid = {E549A065-6C0D-4CF8-8C64-DFDE3B2EE547}
	EndGlobalSection
EndGlobal
